
Microsoft Visual Studio Solution File, Format Version 12.00
# Visual Studio Version 16
VisualStudioVersion = 16.0.29926.136
MinimumVisualStudioVersion = 10.0.40219.1
Project("{FAE04EC0-301F-11D3-BF4B-00C04F79EFBC}") = "SodaMachine", "SodaMachine\SodaMachine.csproj", "{B36ADEC8-D283-409F-A0BD-7C0DECDF446B}"
EndProject
Global
	GlobalSection(SolutionConfigurationPlatforms) = preSolution
		Debug|Any CPU = Debug|Any CPU
		Release|Any CPU = Release|Any CPU
	EndGlobalSection
	GlobalSection(ProjectConfigurationPlatforms) = postSolution
		{B36ADEC8-D283-409F-A0BD-7C0DECDF446B}.Debug|Any CPU.ActiveCfg = Debug|Any CPU
		{B36ADEC8-D283-409F-A0BD-7C0DECDF446B}.Debug|Any CPU.Build.0 = Debug|Any CPU
		{B36ADEC8-D283-409F-A0BD-7C0DECDF446B}.Release|Any CPU.ActiveCfg = Release|Any CPU
		{B36ADEC8-D283-409F-A0BD-7C0DECDF446B}.Release|Any CPU.Build.0 = Release|Any CPU
	EndGlobalSection
	GlobalSection(SolutionProperties) = preSolution
		HideSolutionNode = FALSE
	EndGlobalSection
	GlobalSection(ExtensibilityGlobals) = postSolution
		SolutionGuid = {719DA002-0161-4EE9-8637-9220EADC1E51}
	EndGlobalSection
EndGlobal
